github.com/Konstantin8105/ortho v1.0.1-0.20210818191601-8be27479a05b h1:KGbfg07wlvvmZNCDgOD/BfI+myiEqj30DIJfKO2PILA=
github.com/Konstantin8105/ortho v1.0.1-0.20210818191601-8be27479a05b/go.mod h1:27W3BxygTlQoFVMts1teVyCe0jyiiglfNzda4z4m1qE=
github.com/Konstantin8105/ortho v1.0.1-0.20210819074600-48a07cbcee89 h1:zzcrQtNDlKejmVtZRcgKRbmC9RHuNf0GAlFVfcnGJ1s=
github.com/Konstantin8105/ortho v1.0.1-0.20210819074600-48a07cbcee89/go.mod h1:27W3BxygTlQoFVMts1teVyCe0jyiiglfNzda4z4m1qE=
